// !$*UTF8*$!
{
	archiveVersion = 1;
	classes = {
	};
	objectVersion = 50;
	objects = {

/* Begin PBXBuildFile section */
		198C492C22984226006CB977 /* Math.swift in Sources */ = {isa = PBXBuildFile; fileRef = 198C492B22984226006CB977 /* Math.swift */; };
		99B662B0227B64F100A76522 /* AppDelegate.swift in Sources */ = {isa = PBXBuildFile; fileRef = 99B662AF227B64F100A76522 /* AppDelegate.swift */; };
		99B662B2227B64F100A76522 /* GameScene.sks in Resources */ = {isa = PBXBuildFile; fileRef = 99B662B1227B64F100A76522 /* GameScene.sks */; };
		99B662B4227B64F100A76522 /* Actions.sks in Resources */ = {isa = PBXBuildFile; fileRef = 99B662B3227B64F100A76522 /* Actions.sks */; };
		99B662B6227B64F100A76522 /* GameScene.swift in Sources */ = {isa = PBXBuildFile; fileRef = 99B662B5227B64F100A76522 /* GameScene.swift */; };
		99B662B8227B64F100A76522 /* GameViewController.swift in Sources */ = {isa = PBXBuildFile; fileRef = 99B662B7227B64F100A76522 /* GameViewController.swift */; };
		99B662BB227B64F100A76522 /* Main.storyboard in Resources */ = {isa = PBXBuildFile; fileRef = 99B662B9227B64F100A76522 /* Main.storyboard */; };
		99B662BD227B64F100A76522 /* Assets.xcassets in Resources */ = {isa = PBXBuildFile; fileRef = 99B662BC227B64F100A76522 /* Assets.xcassets */; };
		99B662C0227B64F100A76522 /* LaunchScreen.storyboard in Resources */ = {isa = PBXBuildFile; fileRef = 99B662BE227B64F100A76522 /* LaunchScreen.storyboard */; };
		99B662CB227B64F100A76522 /* BasketballSwiperTests.swift in Sources */ = {isa = PBXBuildFile; fileRef = 99B662CA227B64F100A76522 /* BasketballSwiperTests.swift */; };
		99B662D6227B64F100A76522 /* BasketballSwiperUITests.swift in Sources */ = {isa = PBXBuildFile; fileRef = 99B662D5227B64F100A76522 /* BasketballSwiperUITests.swift */; };
/* End PBXBuildFile section */

/* Begin PBXContainerItemProxy section */
		99B662C7227B64F100A76522 /* PBXContainerItemProxy */ = {
			isa = PBXContainerItemProxy;
			containerPortal = 99B662A4227B64F100A76522 /* Project object */;
			proxyType = 1;
			remoteGlobalIDString = 99B662AB227B64F100A76522;
			remoteInfo = BasketballSwiper;
		};
		99B662D2227B64F100A76522 /* PBXContainerItemProxy */ = {
			isa = PBXContainerItemProxy;
			containerPortal = 99B662A4227B64F100A76522 /* Project object */;
			proxyType = 1;
			remoteGlobalIDString = 99B662AB227B64F100A76522;
			remoteInfo = BasketballSwiper;
		};
/* End PBXContainerItemProxy section */

/* Begin PBXFileReference section */
		198C492B22984226006CB977 /* Math.swift */ = {isa = PBXFileReference; lastKnownFileType = sourcecode.swift; path = Math.swift; sourceTree = "<group>"; };
		99B662AC227B64F100A76522 /* BasketballSwiper.app */ = {isa = PBXFileReference; explicitFileType = wrapper.application; includeInIndex = 0; path = BasketballSwiper.app; sourceTree = BUILT_PRODUCTS_DIR; };
		99B662AF227B64F100A76522 /* AppDelegate.swift */ = {isa = PBXFileReference; lastKnownFileType = sourcecode.swift; path = AppDelegate.swift; sourceTree = "<group>"; };
		99B662B1227B64F100A76522 /* GameScene.sks */ = {isa = PBXFileReference; lastKnownFileType = file.sks; path = GameScene.sks; sourceTree = "<group>"; };
		99B662B3227B64F100A76522 /* Actions.sks */ = {isa = PBXFileReference; lastKnownFileType = file.sks; path = Actions.sks; sourceTree = "<group>"; };
		99B662B5227B64F100A76522 /* GameScene.swift */ = {isa = PBXFileReference; lastKnownFileType = sourcecode.swift; path = GameScene.swift; sourceTree = "<group>"; };
		99B662B7227B64F100A76522 /* GameViewController.swift */ = {isa = PBXFileReference; lastKnownFileType = sourcecode.swift; path = GameViewController.swift; sourceTree = "<group>"; };
		99B662BA227B64F100A76522 /* Base */ = {isa = PBXFileReference; lastKnownFileType = file.storyboard; name = Base; path = Base.lproj/Main.storyboard; sourceTree = "<group>"; };
		99B662BC227B64F100A76522 /* Assets.xcassets */ = {isa = PBXFileReference; lastKnownFileType = folder.assetcatalog; path = Assets.xcassets; sourceTree = "<group>"; };
		99B662BF227B64F100A76522 /* Base */ = {isa = PBXFileReference; lastKnownFileType = file.storyboard; name = Base; path = Base.lproj/LaunchScreen.storyboard; sourceTree = "<group>"; };
		99B662C1227B64F100A76522 /* Info.plist */ = {isa = PBXFileReference; lastKnownFileType = text.plist.xml; path = Info.plist; sourceTree = "<group>"; };
		99B662C6227B64F100A76522 /* BasketballSwiperTests.xctest */ = {isa = PBXFileReference; explicitFileType = wrapper.cfbundle; includeInIndex = 0; path = BasketballSwiperTests.xctest; sourceTree = BUILT_PRODUCTS_DIR; };
		99B662CA227B64F100A76522 /* BasketballSwiperTests.swift */ = {isa = PBXFileReference; lastKnownFileType = sourcecode.swift; path = BasketballSwiperTests.swift; sourceTree = "<group>"; };
		99B662CC227B64F100A76522 /* Info.plist */ = {isa = PBXFileReference; lastKnownFileType = text.plist.xml; path = Info.plist; sourceTree = "<group>"; };
		99B662D1227B64F100A76522 /* BasketballSwiperUITests.xctest */ = {isa = PBXFileReference; explicitFileType = wrapper.cfbundle; includeInIndex = 0; path = BasketballSwiperUITests.xctest; sourceTree = BUILT_PRODUCTS_DIR; };
		99B662D5227B64F100A76522 /* BasketballSwiperUITests.swift */ = {isa = PBXFileReference; lastKnownFileType = sourcecode.swift; path = BasketballSwiperUITests.swift; sourceTree = "<group>"; };
		99B662D7227B64F100A76522 /* Info.plist */ = {isa = PBXFileReference; lastKnownFileType = text.plist.xml; path = Info.plist; sourceTree = "<group>"; };
/* End PBXFileReference section */

/* Begin PBXFrameworksBuildPhase section */
		99B662A9227B64F100A76522 /* Frameworks */ = {
			isa = PBXFrameworksBuildPhase;
			buildActionMask = 2147483647;
			files = (
			);
			runOnlyForDeploymentPostprocessing = 0;
		};
		99B662C3227B64F100A76522 /* Frameworks */ = {
			isa = PBXFrameworksBuildPhase;
			buildActionMask = 2147483647;
			files = (
			);
			runOnlyForDeploymentPostprocessing = 0;
		};
		99B662CE227B64F100A76522 /* Frameworks */ = {
			isa = PBXFrameworksBuildPhase;
			buildActionMask = 2147483647;
			files = (
			);
			runOnlyForDeploymentPostprocessing = 0;
		};
/* End PBXFrameworksBuildPhase section */

/* Begin PBXGroup section */
		99B662A3227B64F100A76522 = {
			isa = PBXGroup;
			children = (
				99B662AE227B64F100A76522 /* BasketballSwiper */,
				99B662C9227B64F100A76522 /* BasketballSwiperTests */,
				99B662D4227B64F100A76522 /* BasketballSwiperUITests */,
				99B662AD227B64F100A76522 /* Products */,
			);
			sourceTree = "<group>";
		};
		99B662AD227B64F100A76522 /* Products */ = {
			isa = PBXGroup;
			children = (
				99B662AC227B64F100A76522 /* BasketballSwiper.app */,
				99B662C6227B64F100A76522 /* BasketballSwiperTests.xctest */,
				99B662D1227B64F100A76522 /* BasketballSwiperUITests.xctest */,
			);
			name = Products;
			sourceTree = "<group>";
		};
		99B662AE227B64F100A76522 /* BasketballSwiper */ = {
			isa = PBXGroup;
			children = (
				99B662AF227B64F100A76522 /* AppDelegate.swift */,
				99B662B1227B64F100A76522 /* GameScene.sks */,
				99B662B3227B64F100A76522 /* Actions.sks */,
				99B662B5227B64F100A76522 /* GameScene.swift */,
				198C492B22984226006CB977 /* Math.swift */,
				99B662B7227B64F100A76522 /* GameViewController.swift */,
				99B662B9227B64F100A76522 /* Main.storyboard */,
				99B662BC227B64F100A76522 /* Assets.xcassets */,
				99B662BE227B64F100A76522 /* LaunchScreen.storyboard */,
				99B662C1227B64F100A76522 /* Info.plist */,
			);
			path = BasketballSwiper;
			sourceTree = "<group>";
		};
		99B662C9227B64F100A76522 /* BasketballSwiperTests */ = {
			isa = PBXGroup;
			children = (
				99B662CA227B64F100A76522 /* BasketballSwiperTests.swift */,
				99B662CC227B64F100A76522 /* Info.plist */,
			);
			path = BasketballSwiperTests;
			sourceTree = "<group>";
		};
		99B662D4227B64F100A76522 /* BasketballSwiperUITests */ = {
			isa = PBXGroup;
			children = (
				99B662D5227B64F100A76522 /* BasketballSwiperUITests.swift */,
				99B662D7227B64F100A76522 /* Info.plist */,
			);
			path = BasketballSwiperUITests;
			sourceTree = "<group>";
		};
/* End PBXGroup section */

/* Begin PBXNativeTarget section */
		99B662AB227B64F100A76522 /* BasketballSwiper */ = {
			isa = PBXNativeTarget;
			buildConfigurationList = 99B662DA227B64F100A76522 /* Build configuration list for PBXNativeTarget "BasketballSwiper" */;
			buildPhases = (
				99B662A8227B64F100A76522 /* Sources */,
				99B662A9227B64F100A76522 /* Frameworks */,
				99B662AA227B64F100A76522 /* Resources */,
			);
			buildRules = (
			);
			dependencies = (
			);
			name = BasketballSwiper;
			productName = BasketballSwiper;
			productReference = 99B662AC227B64F100A76522 /* BasketballSwiper.app */;
			productType = "com.apple.product-type.application";
		};
		99B662C5227B64F100A76522 /* BasketballSwiperTests */ = {
			isa = PBXNativeTarget;
			buildConfigurationList = 99B662DD227B64F100A76522 /* Build configuration list for PBXNativeTarget "BasketballSwiperTests" */;
			buildPhases = (
				99B662C2227B64F100A76522 /* Sources */,
				99B662C3227B64F100A76522 /* Frameworks */,
				99B662C4227B64F100A76522 /* Resources */,
			);
			buildRules = (
			);
			dependencies = (
				99B662C8227B64F100A76522 /* PBXTargetDependency */,
			);
			name = BasketballSwiperTests;
			productName = BasketballSwiperTests;
			productReference = 99B662C6227B64F100A76522 /* BasketballSwiperTests.xctest */;
			productType = "com.apple.product-type.bundle.unit-test";
		};
		99B662D0227B64F100A76522 /* BasketballSwiperUITests */ = {
			isa = PBXNativeTarget;
			buildConfigurationList = 99B662E0227B64F100A76522 /* Build configuration list for PBXNativeTarget "BasketballSwiperUITests" */;
			buildPhases = (
				99B662CD227B64F100A76522 /* Sources */,
				99B662CE227B64F100A76522 /* Frameworks */,
				99B662CF227B64F100A76522 /* Resources */,
			);
			buildRules = (
			);
			dependencies = (
				99B662D3227B64F100A76522 /* PBXTargetDependency */,
			);
			name = BasketballSwiperUITests;
			productName = BasketballSwiperUITests;
			productReference = 99B662D1227B64F100A76522 /* BasketballSwiperUITests.xctest */;
			productType = "com.apple.product-type.bundle.ui-testing";
		};
/* End PBXNativeTarget section */

/* Begin PBXProject section */
		99B662A4227B64F100A76522 /* Project object */ = {
			isa = PBXProject;
			attributes = {
				LastSwiftUpdateCheck = 1020;
				LastUpgradeCheck = 1020;
				ORGANIZATIONNAME = CLC.Bachmann;
				TargetAttributes = {
					99B662AB227B64F100A76522 = {
						CreatedOnToolsVersion = 10.2;
					};
					99B662C5227B64F100A76522 = {
						CreatedOnToolsVersion = 10.2;
						TestTargetID = 99B662AB227B64F100A76522;
					};
					99B662D0227B64F100A76522 = {
						CreatedOnToolsVersion = 10.2;
						TestTargetID = 99B662AB227B64F100A76522;
					};
				};
			};
			buildConfigurationList = 99B662A7227B64F100A76522 /* Build configuration list for PBXProject "BasketballSwiper" */;
			compatibilityVersion = "Xcode 9.3";
			developmentRegion = en;
			hasScannedForEncodings = 0;
			knownRegions = (
				en,
				Base,
			);
			mainGroup = 99B662A3227B64F100A76522;
			productRefGroup = 99B662AD227B64F100A76522 /* Products */;
			projectDirPath = "";
			projectRoot = "";
			targets = (
				99B662AB227B64F100A76522 /* BasketballSwiper */,
				99B662C5227B64F100A76522 /* BasketballSwiperTests */,
				99B662D0227B64F100A76522 /* BasketballSwiperUITests */,
			);
		};
/* End PBXProject section */

/* Begin PBXResourcesBuildPhase section */
		99B662AA227B64F100A76522 /* Resources */ = {
			isa = PBXResourcesBuildPhase;
			buildActionMask = 2147483647;
			files = (
				99B662BB227B64F100A76522 /* Main.storyboard in Resources */,
				99B662B2227B64F100A76522 /* GameScene.sks in Resources */,
				99B662BD227B64F100A76522 /* Assets.xcassets in Resources */,
				99B662C0227B64F100A76522 /* LaunchScreen.storyboard in Resources */,
				99B662B4227B64F100A76522 /* Actions.sks in Resources */,
			);
			runOnlyForDeploymentPostprocessing = 0;
		};
		99B662C4227B64F100A76522 /* Resources */ = {
			isa = PBXResourcesBuildPhase;
			buildActionMask = 2147483647;
			files = (
			);
			runOnlyForDeploymentPostprocessing = 0;
		};
		99B662CF227B64F100A76522 /* Resources */ = {
			isa = PBXResourcesBuildPhase;
			buildActionMask = 2147483647;
			files = (
			);
			runOnlyForDeploymentPostprocessing = 0;
		};
/* End PBXResourcesBuildPhase section */

/* Begin PBXSourcesBuildPhase section */
		99B662A8227B64F100A76522 /* Sources */ = {
			isa = PBXSourcesBuildPhase;
			buildActionMask = 2147483647;
			files = (
				99B662B6227B64F100A76522 /* GameScene.swift in Sources */,
				99B662B8227B64F100A76522 /* GameViewController.swift in Sources */,
				99B662B0227B64F100A76522 /* AppDelegate.swift in Sources */,
				198C492C22984226006CB977 /* Math.swift in Sources */,
			);
			runOnlyForDeploymentPostprocessing = 0;
		};
		99B662C2227B64F100A76522 /* Sources */ = {
			isa = PBXSourcesBuildPhase;
			buildActionMask = 2147483647;
			files = (
				99B662CB227B64F100A76522 /* BasketballSwiperTests.swift in Sources */,
			);
			runOnlyForDeploymentPostprocessing = 0;
		};
		99B662CD227B64F100A76522 /* Sources */ = {
			isa = PBXSourcesBuildPhase;
			buildActionMask = 2147483647;
			files = (
				99B662D6227B64F100A76522 /* BasketballSwiperUITests.swift in Sources */,
			);
			runOnlyForDeploymentPostprocessing = 0;
		};
/* End PBXSourcesBuildPhase section */

/* Begin PBXTargetDependency section */
		99B662C8227B64F100A76522 /* PBXTargetDependency */ = {
			isa = PBXTargetDependency;
			target = 99B662AB227B64F100A76522 /* BasketballSwiper */;
			targetProxy = 99B662C7227B64F100A76522 /* PBXContainerItemProxy */;
		};
		99B662D3227B64F100A76522 /* PBXTargetDependency */ = {
			isa = PBXTargetDependency;
			target = 99B662AB227B64F100A76522 /* BasketballSwiper */;
			targetProxy = 99B662D2227B64F100A76522 /* PBXContainerItemProxy */;
		};
/* End PBXTargetDependency section */

/* Begin PBXVariantGroup section */
		99B662B9227B64F100A76522 /* Main.storyboard */ = {
			isa = PBXVariantGroup;
			children = (
				99B662BA227B64F100A76522 /* Base */,
			);
			name = Main.storyboard;
			sourceTree = "<group>";
		};
		99B662BE227B64F100A76522 /* LaunchScreen.storyboard */ = {
			isa = PBXVariantGroup;
			children = (
				99B662BF227B64F100A76522 /* Base */,
			);
			name = LaunchScreen.storyboard;
			sourceTree = "<group>";
		};
/* End PBXVariantGroup section */

/* Begin XCBuildConfiguration section */
		99B662D8227B64F100A76522 /* Debug */ = {
			isa = XCBuildConfiguration;
			buildSettings = {
				ALWAYS_SEARCH_USER_PATHS = NO;
				CLANG_ANALYZER_NONNULL = YES;
				CLANG_ANALYZER_NUMBER_OBJECT_CONVERSION = YES_AGGRESSIVE;
				CLANG_CXX_LANGUAGE_STANDARD = "gnu++14";
				CLANG_CXX_LIBRARY = "libc++";
				CLANG_ENABLE_MODULES = YES;
				CLANG_ENABLE_OBJC_ARC = YES;
				CLANG_ENABLE_OBJC_WEAK = YES;
				CLANG_WARN_BLOCK_CAPTURE_AUTORELEASING = YES;
				CLANG_WARN_BOOL_CONVERSION = YES;
				CLANG_WARN_COMMA = YES;
				CLANG_WARN_CONSTANT_CONVERSION = YES;
				CLANG_WARN_DEPRECATED_OBJC_IMPLEMENTATIONS = YES;
				CLANG_WARN_DIRECT_OBJC_ISA_USAGE = YES_ERROR;
				CLANG_WARN_DOCUMENTATION_COMMENTS = YES;
				CLANG_WARN_EMPTY_BODY = YES;
				CLANG_WARN_ENUM_CONVERSION = YES;
				CLANG_WARN_INFINITE_RECURSION = YES;
				CLANG_WARN_INT_CONVERSION = YES;
				CLANG_WARN_NON_LITERAL_NULL_CONVERSION = YES;
				CLANG_WARN_OBJC_IMPLICIT_RETAIN_SELF = YES;
				CLANG_WARN_OBJC_LITERAL_CONVERSION = YES;
				CLANG_WARN_OBJC_ROOT_CLASS = YES_ERROR;
				CLANG_WARN_RANGE_LOOP_ANALYSIS = YES;
				CLANG_WARN_STRICT_PROTOTYPES = YES;
				CLANG_WARN_SUSPICIOUS_MOVE = YES;
				CLANG_WARN_UNGUARDED_AVAILABILITY = YES_AGGRESSIVE;
				CLANG_WARN_UNREACHABLE_CODE = YES;
				CLANG_WARN__DUPLICATE_METHOD_MATCH = YES;
				CODE_SIGN_IDENTITY = "iPhone Developer";
				COPY_PHASE_STRIP = NO;
				DEBUG_INFORMATION_FORMAT = dwarf;
				ENABLE_STRICT_OBJC_MSGSEND = YES;
				ENABLE_TESTABILITY = YES;
				GCC_C_LANGUAGE_STANDARD = gnu11;
				GCC_DYNAMIC_NO_PIC = NO;
				GCC_NO_COMMON_BLOCKS = YES;
				GCC_OPTIMIZATION_LEVEL = 0;
				GCC_PREPROCESSOR_DEFINITIONS = (
					"DEBUG=1",
					"$(inherited)",
				);
				GCC_WARN_64_TO_32_BIT_CONVERSION = YES;
				GCC_WARN_ABOUT_RETURN_TYPE = YES_ERROR;
				GCC_WARN_UNDECLARED_SELECTOR = YES;
				GCC_WARN_UNINITIALIZED_AUTOS = YES_AGGRESSIVE;
				GCC_WARN_UNUSED_FUNCTION = YES;
				GCC_WARN_UNUSED_VARIABLE = YES;
				IPHONEOS_DEPLOYMENT_TARGET = 12.1;
				MTL_ENABLE_DEBUG_INFO = INCLUDE_SOURCE;
				MTL_FAST_MATH = YES;
				ONLY_ACTIVE_ARCH = YES;
				SDKROOT = iphoneos;
				SWIFT_ACTIVE_COMPILATION_CONDITIONS = DEBUG;
				SWIFT_OPTIMIZATION_LEVEL = "-Onone";
			};
			name = Debug;
		};
		99B662D9227B64F100A76522 /* Release */ = {
			isa = XCBuildConfiguration;
			buildSettings = {
				ALWAYS_SEARCH_USER_PATHS = NO;
				CLANG_ANALYZER_NONNULL = YES;
				CLANG_ANALYZER_NUMBER_OBJECT_CONVERSION = YES_AGGRESSIVE;
				CLANG_CXX_LANGUAGE_STANDARD = "gnu++14";
				CLANG_CXX_LIBRARY = "libc++";
				CLANG_ENABLE_MODULES = YES;
				CLANG_ENABLE_OBJC_ARC = YES;
				CLANG_ENABLE_OBJC_WEAK = YES;
				CLANG_WARN_BLOCK_CAPTURE_AUTORELEASING = YES;
				CLANG_WARN_BOOL_CONVERSION = YES;
				CLANG_WARN_COMMA = YES;
				CLANG_WARN_CONSTANT_CONVERSION = YES;
				CLANG_WARN_DEPRECATED_OBJC_IMPLEMENTATIONS = YES;
				CLANG_WARN_DIRECT_OBJC_ISA_USAGE = YES_ERROR;
				CLANG_WARN_DOCUMENTATION_COMMENTS = YES;
				CLANG_WARN_EMPTY_BODY = YES;
				CLANG_WARN_ENUM_CONVERSION = YES;
				CLANG_WARN_INFINITE_RECURSION = YES;
				CLANG_WARN_INT_CONVERSION = YES;
				CLANG_WARN_NON_LITERAL_NULL_CONVERSION = YES;
				CLANG_WARN_OBJC_IMPLICIT_RETAIN_SELF = YES;
				CLANG_WARN_OBJC_LITERAL_CONVERSION = YES;
				CLANG_WARN_OBJC_ROOT_CLASS = YES_ERROR;
				CLANG_WARN_RANGE_LOOP_ANALYSIS = YES;
				CLANG_WARN_STRICT_PROTOTYPES = YES;
				CLANG_WARN_SUSPICIOUS_MOVE = YES;
				CLANG_WARN_UNGUARDED_AVAILABILITY = YES_AGGRESSIVE;
				CLANG_WARN_UNREACHABLE_CODE = YES;
				CLANG_WARN__DUPLICATE_METHOD_MATCH = YES;
				CODE_SIGN_IDENTITY = "iPhone Developer";
				COPY_PHASE_STRIP = NO;
				DEBUG_INFORMATION_FORMAT = "dwarf-with-dsym";
				ENABLE_NS_ASSERTIONS = NO;
				ENABLE_STRICT_OBJC_MSGSEND = YES;
				GCC_C_LANGUAGE_STANDARD = gnu11;
				GCC_NO_COMMON_BLOCKS = YES;
				GCC_WARN_64_TO_32_BIT_CONVERSION = YES;
				GCC_WARN_ABOUT_RETURN_TYPE = YES_ERROR;
				GCC_WARN_UNDECLARED_SELECTOR = YES;
				GCC_WARN_UNINITIALIZED_AUTOS = YES_AGGRESSIVE;
				GCC_WARN_UNUSED_FUNCTION = YES;
				GCC_WARN_UNUSED_VARIABLE = YES;
				IPHONEOS_DEPLOYMENT_TARGET = 12.1;
				MTL_ENABLE_DEBUG_INFO = NO;
				MTL_FAST_MATH = YES;
				SDKROOT = iphoneos;
				SWIFT_COMPILATION_MODE = wholemodule;
				SWIFT_OPTIMIZATION_LEVEL = "-O";
				VALIDATE_PRODUCT = YES;
			};
			name = Release;
		};
		99B662DB227B64F100A76522 /* Debug */ = {
			isa = XCBuildConfiguration;
			buildSettings = {
				ALWAYS_EMBED_SWIFT_STANDARD_LIBRARIES = NO;
				ASSETCATALOG_COMPILER_APPICON_NAME = AppIcon;
				CODE_SIGN_STYLE = Automatic;
				DEVELOPMENT_TEAM = 6CDXCH25Z9;
				INFOPLIST_FILE = BasketballSwiper/Info.plist;
				IPHONEOS_DEPLOYMENT_TARGET = 12.1;
				LD_RUNPATH_SEARCH_PATHS = (
					"$(inherited)",
					"@executable_path/Frameworks",
				);
				PRODUCT_BUNDLE_IDENTIFIER = CLC.BasketballSwiper1234;
				PRODUCT_NAME = "$(TARGET_NAME)";
				SWIFT_VERSION = 4.2;
				TARGETED_DEVICE_FAMILY = "1,2";
			};
			name = Debug;
		};
		99B662DC227B64F100A76522 /* Release */ = {
			isa = XCBuildConfiguration;
			buildSettings = {
				ALWAYS_EMBED_SWIFT_STANDARD_LIBRARIES = NO;
				ASSETCATALOG_COMPILER_APPICON_NAME = AppIcon;
				CODE_SIGN_STYLE = Automatic;
				DEVELOPMENT_TEAM = 6CDXCH25Z9;
				INFOPLIST_FILE = BasketballSwiper/Info.plist;
				IPHONEOS_DEPLOYMENT_TARGET = 12.1;
				LD_RUNPATH_SEARCH_PATHS = (
					"$(inherited)",
					"@executable_path/Frameworks",
				);
				PRODUCT_BUNDLE_IDENTIFIER = CLC.BasketballSwiper1234;
				PRODUCT_NAME = "$(TARGET_NAME)";
				SWIFT_VERSION = 4.2;
				TARGETED_DEVICE_FAMILY = "1,2";
			};
			name = Release;
		};
		99B662DE227B64F100A76522 /* Debug */ = {
			isa = XCBuildConfiguration;
			buildSettings = {
				ALWAYS_EMBED_SWIFT_STANDARD_LIBRARIES = YES;
				BUNDLE_LOADER = "$(TEST_HOST)";
				CODE_SIGN_STYLE = Automatic;
				INFOPLIST_FILE = BasketballSwiperTests/Info.plist;
				LD_RUNPATH_SEARCH_PATHS = (
					"$(inherited)",
					"@executable_path/Frameworks",
					"@loader_path/Frameworks",
				);
				PRODUCT_BUNDLE_IDENTIFIER = CLC.BasketballSwiperTests;
				PRODUCT_NAME = "$(TARGET_NAME)";
				SWIFT_VERSION = 5.0;
				TARGETED_DEVICE_FAMILY = "1,2";
				TEST_HOST = "$(BUILT_PRODUCTS_DIR)/BasketballSwiper.app/BasketballSwiper";
			};
			name = Debug;
		};
		99B662DF227B64F100A76522 /* Release */ = {
			isa = XCBuildConfiguration;
			buildSettings = {
				ALWAYS_EMBED_SWIFT_STANDARD_LIBRARIES = YES;
				BUNDLE_LOADER = "$(TEST_HOST)";
				CODE_SIGN_STYLE = Automatic;
				INFOPLIST_FILE = BasketballSwiperTests/Info.plist;
				LD_RUNPATH_SEARCH_PATHS = (
					"$(inherited)",
					"@executable_path/Frameworks",
					"@loader_path/Frameworks",
				);
				PRODUCT_BUNDLE_IDENTIFIER = CLC.BasketballSwiperTests;
				PRODUCT_NAME = "$(TARGET_NAME)";
				SWIFT_VERSION = 5.0;
				TARGETED_DEVICE_FAMILY = "1,2";
				TEST_HOST = "$(BUILT_PRODUCTS_DIR)/BasketballSwiper.app/BasketballSwiper";
			};
			name = Release;
		};
		99B662E1227B64F100A76522 /* Debug */ = {
			isa = XCBuildConfiguration;
			buildSettings = {
				ALWAYS_EMBED_SWIFT_STANDARD_LIBRARIES = YES;
				CODE_SIGN_STYLE = Automatic;
				DEVELOPMENT_TEAM = 6CDXCH25Z9;
				INFOPLIST_FILE = BasketballSwiperUITests/Info.plist;
				LD_RUNPATH_SEARCH_PATHS = (
					"$(inherited)",
					"@executable_path/Frameworks",
					"@loader_path/Frameworks",
				);
				PRODUCT_BUNDLE_IDENTIFIER = CLC.BasketballSwiperUITests;
				PRODUCT_NAME = "$(TARGET_NAME)";
				SWIFT_VERSION = 5.0;
				TARGETED_DEVICE_FAMILY = "1,2";
				TEST_TARGET_NAME = BasketballSwiper;
			};
			name = Debug;
		};
		99B662E2227B64F100A76522 /* Release */ = {
			isa = XCBuildConfiguration;
			buildSettings = {
				ALWAYS_EMBED_SWIFT_STANDARD_LIBRARIES = YES;
				CODE_SIGN_STYLE = Automatic;
				DEVELOPMENT_TEAM = 6CDXCH25Z9;
				INFOPLIST_FILE = BasketballSwiperUITests/Info.plist;
				LD_RUNPATH_SEARCH_PATHS = (
					"$(inherited)",
					"@executable_path/Frameworks",
					"@loader_path/Frameworks",
				);
				PRODUCT_BUNDLE_IDENTIFIER = CLC.BasketballSwiperUITests;
				PRODUCT_NAME = "$(TARGET_NAME)";
				SWIFT_VERSION = 5.0;
				TARGETED_DEVICE_FAMILY = "1,2";
				TEST_TARGET_NAME = BasketballSwiper;
			};
			name = Release;
		};
/* End XCBuildConfiguration section */

/* Begin XCConfigurationList section */
		99B662A7227B64F100A76522 /* Build configuration list for PBXProject "BasketballSwiper" */ = {
			isa = XCConfigurationList;
			buildConfigurations = (
				99B662D8227B64F100A76522 /* Debug */,
				99B662D9227B64F100A76522 /* Release */,
			);
			defaultConfigurationIsVisible = 0;
			defaultConfigurationName = Release;
		};
		99B662DA227B64F100A76522 /* Build configuration list for PBXNativeTarget "BasketballSwiper" */ = {
			isa = XCConfigurationList;
			buildConfigurations = (
				99B662DB227B64F100A76522 /* Debug */,
				99B662DC227B64F100A76522 /* Release */,
			);
			defaultConfigurationIsVisible = 0;
			defaultConfigurationName = Release;
		};
		99B662DD227B64F100A76522 /* Build configuration list for PBXNativeTarget "BasketballSwiperTests" */ = {
			isa = XCConfigurationList;
			buildConfigurations = (
				99B662DE227B64F100A76522 /* Debug */,
				99B662DF227B64F100A76522 /* Release */,
			);
			defaultConfigurationIsVisible = 0;
			defaultConfigurationName = Release;
		};
		99B662E0227B64F100A76522 /* Build configuration list for PBXNativeTarget "BasketballSwiperUITests" */ = {
			isa = XCConfigurationList;
			buildConfigurations = (
				99B662E1227B64F100A76522 /* Debug */,
				99B662E2227B64F100A76522 /* Release */,
			);
			defaultConfigurationIsVisible = 0;
			defaultConfigurationName = Release;
		};
/* End XCConfigurationList section */
	};
	rootObject = 99B662A4227B64F100A76522 /* Project object */;
}
